# This file was autogenerated by Stack.
# You should not edit this file by hand.
# For more information, please see the documentation at:
#   https://docs.haskellstack.org/en/stable/lock_files

packages: []
snapshots:
- completed:
    size: 556770
    url: https://raw.githubusercontent.com/commercialhaskell/stackage-snapshots/master/nightly/2020/12/10.yaml
    sha256: a9ccd0651fad889f40a444f3c8ff2f3040513aa637a454bf33fea2f98d8d1e4a
  original: nightly-2020-12-10
